
Microsoft Visual Studio Solution File, Format Version 12.00
# Visual Studio 15
Project("{FAE04EC0-301F-11D3-BF4B-00C04F79EFBC}") = "Labb4.Android", "Labb4.Android\Labb4.Android.csproj", "{9C53AFE8-2D44-4FBF-A0E7-5609BCEE8757}"
EndProject
Project("{FAE04EC0-301F-11D3-BF4B-00C04F79EFBC}") = "Labb4.iOS", "Labb4.iOS\Labb4.iOS.csproj", "{FA49A7A7-B25C-4A31-A541-C822DE104BF3}"
EndProject
Project("{FAE04EC0-301F-11D3-BF4B-00C04F79EFBC}") = "Labb4", "Labb4\Labb4.csproj", "{20607298-8B1E-4A7A-8CF1-5A99D56223F5}"
EndProject
Global
	GlobalSection(SolutionConfigurationPlatforms) = preSolution
		Debug|Any CPU = Debug|Any CPU
		Release|Any CPU = Release|Any CPU
		Debug|iPhoneSimulator = Debug|iPhoneSimulator
		Release|iPhoneSimulator = Release|iPhoneSimulator
		Debug|iPhone = Debug|iPhone
		Release|iPhone = Release|iPhone
	EndGlobalSection
	GlobalSection(ProjectConfigurationPlatforms) = postSolution
		{9C53AFE8-2D44-4FBF-A0E7-5609BCEE8757}.Debug|Any CPU.ActiveCfg = Debug|Any CPU
		{9C53AFE8-2D44-4FBF-A0E7-5609BCEE8757}.Debug|Any CPU.Build.0 = Debug|Any CPU
		{9C53AFE8-2D44-4FBF-A0E7-5609BCEE8757}.Release|Any CPU.ActiveCfg = Release|Any CPU
		{9C53AFE8-2D44-4FBF-A0E7-5609BCEE8757}.Release|Any CPU.Build.0 = Release|Any CPU
		{9C53AFE8-2D44-4FBF-A0E7-5609BCEE8757}.Debug|iPhoneSimulator.ActiveCfg = Debug|Any CPU
		{9C53AFE8-2D44-4FBF-A0E7-5609BCEE8757}.Debug|iPhoneSimulator.Build.0 = Debug|Any CPU
		{9C53AFE8-2D44-4FBF-A0E7-5609BCEE8757}.Release|iPhoneSimulator.ActiveCfg = Release|Any CPU
		{9C53AFE8-2D44-4FBF-A0E7-5609BCEE8757}.Release|iPhoneSimulator.Build.0 = Release|Any CPU
		{9C53AFE8-2D44-4FBF-A0E7-5609BCEE8757}.Debug|iPhone.ActiveCfg = Debug|Any CPU
		{9C53AFE8-2D44-4FBF-A0E7-5609BCEE8757}.Debug|iPhone.Build.0 = Debug|Any CPU
		{9C53AFE8-2D44-4FBF-A0E7-5609BCEE8757}.Release|iPhone.ActiveCfg = Release|Any CPU
		{9C53AFE8-2D44-4FBF-A0E7-5609BCEE8757}.Release|iPhone.Build.0 = Release|Any CPU
		{FA49A7A7-B25C-4A31-A541-C822DE104BF3}.Debug|Any CPU.ActiveCfg = Debug|iPhoneSimulator
		{FA49A7A7-B25C-4A31-A541-C822DE104BF3}.Debug|Any CPU.Build.0 = Debug|iPhoneSimulator
		{FA49A7A7-B25C-4A31-A541-C822DE104BF3}.Release|Any CPU.ActiveCfg = Release|iPhoneSimulator
		{FA49A7A7-B25C-4A31-A541-C822DE104BF3}.Release|Any CPU.Build.0 = Release|iPhoneSimulator
		{FA49A7A7-B25C-4A31-A541-C822DE104BF3}.Debug|iPhoneSimulator.ActiveCfg = Debug|iPhoneSimulator
		{FA49A7A7-B25C-4A31-A541-C822DE104BF3}.Debug|iPhoneSimulator.Build.0 = Debug|iPhoneSimulator
		{FA49A7A7-B25C-4A31-A541-C822DE104BF3}.Release|iPhoneSimulator.ActiveCfg = Release|iPhoneSimulator
		{FA49A7A7-B25C-4A31-A541-C822DE104BF3}.Release|iPhoneSimulator.Build.0 = Release|iPhoneSimulator
		{FA49A7A7-B25C-4A31-A541-C822DE104BF3}.Debug|iPhone.ActiveCfg = Debug|iPhone
		{FA49A7A7-B25C-4A31-A541-C822DE104BF3}.Debug|iPhone.Build.0 = Debug|iPhone
		{FA49A7A7-B25C-4A31-A541-C822DE104BF3}.Release|iPhone.ActiveCfg = Release|iPhone
		{FA49A7A7-B25C-4A31-A541-C822DE104BF3}.Release|iPhone.Build.0 = Release|iPhone
		{20607298-8B1E-4A7A-8CF1-5A99D56223F5}.Debug|Any CPU.ActiveCfg = Debug|Any CPU
		{20607298-8B1E-4A7A-8CF1-5A99D56223F5}.Debug|Any CPU.Build.0 = Debug|Any CPU
		{20607298-8B1E-4A7A-8CF1-5A99D56223F5}.Release|Any CPU.ActiveCfg = Release|Any CPU
		{20607298-8B1E-4A7A-8CF1-5A99D56223F5}.Release|Any CPU.Build.0 = Release|Any CPU
		{20607298-8B1E-4A7A-8CF1-5A99D56223F5}.Debug|iPhoneSimulator.ActiveCfg = Debug|Any CPU
		{20607298-8B1E-4A7A-8CF1-5A99D56223F5}.Debug|iPhoneSimulator.Build.0 = Debug|Any CPU
		{20607298-8B1E-4A7A-8CF1-5A99D56223F5}.Release|iPhoneSimulator.ActiveCfg = Release|Any CPU
		{20607298-8B1E-4A7A-8CF1-5A99D56223F5}.Release|iPhoneSimulator.Build.0 = Release|Any CPU
		{20607298-8B1E-4A7A-8CF1-5A99D56223F5}.Debug|iPhone.ActiveCfg = Debug|Any CPU
		{20607298-8B1E-4A7A-8CF1-5A99D56223F5}.Debug|iPhone.Build.0 = Debug|Any CPU
		{20607298-8B1E-4A7A-8CF1-5A99D56223F5}.Release|iPhone.ActiveCfg = Release|Any CPU
		{20607298-8B1E-4A7A-8CF1-5A99D56223F5}.Release|iPhone.Build.0 = Release|Any CPU
	EndGlobalSection
EndGlobal
